// !$*UTF8*$!
{
	archiveVersion = 1;
	classes = {
	};
	objectVersion = 46;
	objects = {

/* Begin PBXBuildFile section */
		5F4A051F1E5B184800C4FF1D /* AppDelegate.swift in Sources */ = {isa = PBXBuildFile; fileRef = 5F4A051E1E5B184800C4FF1D /* AppDelegate.swift */; };
		5F4A05211E5B184800C4FF1D /* ViewController.swift in Sources */ = {isa = PBXBuildFile; fileRef = 5F4A05201E5B184800C4FF1D /* ViewController.swift */; };
		5F4A05241E5B184800C4FF1D /* Main.storyboard in Resources */ = {isa = PBXBuildFile; fileRef = 5F4A05221E5B184800C4FF1D /* Main.storyboard */; };
		5F4A05261E5B184800C4FF1D /* Assets.xcassets in Resources */ = {isa = PBXBuildFile; fileRef = 5F4A05251E5B184800C4FF1D /* Assets.xcassets */; };
		5F4A05291E5B184800C4FF1D /* LaunchScreen.storyboard in Resources */ = {isa = PBXBuildFile; fileRef = 5F4A05271E5B184800C4FF1D /* LaunchScreen.storyboard */; };
		5F4A05341E5B184900C4FF1D /* Sample_TransitionsTests.swift in Sources */ = {isa = PBXBuildFile; fileRef = 5F4A05331E5B184900C4FF1D /* Sample_TransitionsTests.swift */; };
		5F4A055B1E5B1B8800C4FF1D /* CustomTransitions.swift in Sources */ = {isa = PBXBuildFile; fileRef = 5F4A05561E5B1B8800C4FF1D /* CustomTransitions.swift */; };
		5F4A055C1E5B1B8800C4FF1D /* GenericTransition.swift in Sources */ = {isa = PBXBuildFile; fileRef = 5F4A05571E5B1B8800C4FF1D /* GenericTransition.swift */; };
		5F4A055D1E5B1B8800C4FF1D /* Transition.swift in Sources */ = {isa = PBXBuildFile; fileRef = 5F4A05581E5B1B8800C4FF1D /* Transition.swift */; };
		5F4A055E1E5B1B8800C4FF1D /* TransitionNavigationController.swift in Sources */ = {isa = PBXBuildFile; fileRef = 5F4A05591E5B1B8800C4FF1D /* TransitionNavigationController.swift */; };
		5F4A055F1E5B1B8800C4FF1D /* TransitionViewController.swift in Sources */ = {isa = PBXBuildFile; fileRef = 5F4A055A1E5B1B8800C4FF1D /* TransitionViewController.swift */; };
		5F96D3BC1E5B540400F19AC0 /* TransitionTabBarController.swift in Sources */ = {isa = PBXBuildFile; fileRef = 5F96D3BB1E5B540400F19AC0 /* TransitionTabBarController.swift */; };
		5F96D3BE1E5B5AAD00F19AC0 /* ViewController2.swift in Sources */ = {isa = PBXBuildFile; fileRef = 5F96D3BD1E5B5AAD00F19AC0 /* ViewController2.swift */; };
/* End PBXBuildFile section */

/* Begin PBXContainerItemProxy section */
		5F4A05301E5B184800C4FF1D /* PBXContainerItemProxy */ = {
			isa = PBXContainerItemProxy;
			containerPortal = 5F4A05131E5B184800C4FF1D /* Project object */;
			proxyType = 1;
			remoteGlobalIDString = 5F4A051A1E5B184800C4FF1D;
			remoteInfo = "Sample-Transitions";
		};
/* End PBXContainerItemProxy section */

/* Begin PBXFileReference section */
		5F4A051B1E5B184800C4FF1D /* Sample-Transitions.app */ = {isa = PBXFileReference; explicitFileType = wrapper.application; includeInIndex = 0; path = "Sample-Transitions.app"; sourceTree = BUILT_PRODUCTS_DIR; };
		5F4A051E1E5B184800C4FF1D /* AppDelegate.swift */ = {isa = PBXFileReference; lastKnownFileType = sourcecode.swift; path = AppDelegate.swift; sourceTree = "<group>"; };
		5F4A05201E5B184800C4FF1D /* ViewController.swift */ = {isa = PBXFileReference; lastKnownFileType = sourcecode.swift; path = ViewController.swift; sourceTree = "<group>"; };
		5F4A05231E5B184800C4FF1D /* Base */ = {isa = PBXFileReference; lastKnownFileType = file.storyboard; name = Base; path = Base.lproj/Main.storyboard; sourceTree = "<group>"; };
		5F4A05251E5B184800C4FF1D /* Assets.xcassets */ = {isa = PBXFileReference; lastKnownFileType = folder.assetcatalog; path = Assets.xcassets; sourceTree = "<group>"; };
		5F4A05281E5B184800C4FF1D /* Base */ = {isa = PBXFileReference; lastKnownFileType = file.storyboard; name = Base; path = Base.lproj/LaunchScreen.storyboard; sourceTree = "<group>"; };
		5F4A052A1E5B184800C4FF1D /* Info.plist */ = {isa = PBXFileReference; lastKnownFileType = text.plist.xml; path = Info.plist; sourceTree = "<group>"; };
		5F4A052F1E5B184800C4FF1D /* Sample-TransitionsTests.xctest */ = {isa = PBXFileReference; explicitFileType = wrapper.cfbundle; includeInIndex = 0; path = "Sample-TransitionsTests.xctest"; sourceTree = BUILT_PRODUCTS_DIR; };
		5F4A05331E5B184900C4FF1D /* Sample_TransitionsTests.swift */ = {isa = PBXFileReference; lastKnownFileType = sourcecode.swift; path = Sample_TransitionsTests.swift; sourceTree = "<group>"; };
		5F4A05351E5B184900C4FF1D /* Info.plist */ = {isa = PBXFileReference; lastKnownFileType = text.plist.xml; path = Info.plist; sourceTree = "<group>"; };
		5F4A05561E5B1B8800C4FF1D /* CustomTransitions.swift */ = {isa = PBXFileReference; fileEncoding = 4; lastKnownFileType = sourcecode.swift; path = CustomTransitions.swift; sourceTree = "<group>"; };
		5F4A05571E5B1B8800C4FF1D /* GenericTransition.swift */ = {isa = PBXFileReference; fileEncoding = 4; lastKnownFileType = sourcecode.swift; path = GenericTransition.swift; sourceTree = "<group>"; };
		5F4A05581E5B1B8800C4FF1D /* Transition.swift */ = {isa = PBXFileReference; fileEncoding = 4; lastKnownFileType = sourcecode.swift; path = Transition.swift; sourceTree = "<group>"; };
		5F4A05591E5B1B8800C4FF1D /* TransitionNavigationController.swift */ = {isa = PBXFileReference; fileEncoding = 4; lastKnownFileType = sourcecode.swift; path = TransitionNavigationController.swift; sourceTree = "<group>"; };
		5F4A055A1E5B1B8800C4FF1D /* TransitionViewController.swift */ = {isa = PBXFileReference; fileEncoding = 4; lastKnownFileType = sourcecode.swift; path = TransitionViewController.swift; sourceTree = "<group>"; };
		5F96D3BB1E5B540400F19AC0 /* TransitionTabBarController.swift */ = {isa = PBXFileReference; fileEncoding = 4; lastKnownFileType = sourcecode.swift; path = TransitionTabBarController.swift; sourceTree = "<group>"; };
		5F96D3BD1E5B5AAD00F19AC0 /* ViewController2.swift */ = {isa = PBXFileReference; fileEncoding = 4; lastKnownFileType = sourcecode.swift; path = ViewController2.swift; sourceTree = "<group>"; };
/* End PBXFileReference section */

/* Begin PBXFrameworksBuildPhase section */
		5F4A05181E5B184800C4FF1D /* Frameworks */ = {
			isa = PBXFrameworksBuildPhase;
			buildActionMask = 2147483647;
			files = (
			);
			runOnlyForDeploymentPostprocessing = 0;
		};
		5F4A052C1E5B184800C4FF1D /* Frameworks */ = {
			isa = PBXFrameworksBuildPhase;
			buildActionMask = 2147483647;
			files = (
			);
			runOnlyForDeploymentPostprocessing = 0;
		};
/* End PBXFrameworksBuildPhase section */

/* Begin PBXGroup section */
		5F4A05121E5B184800C4FF1D = {
			isa = PBXGroup;
			children = (
				5F4A051D1E5B184800C4FF1D /* Sample-Transitions */,
				5F4A05321E5B184900C4FF1D /* Sample-TransitionsTests */,
				5F4A051C1E5B184800C4FF1D /* Products */,
			);
			sourceTree = "<group>";
		};
		5F4A051C1E5B184800C4FF1D /* Products */ = {
			isa = PBXGroup;
			children = (
				5F4A051B1E5B184800C4FF1D /* Sample-Transitions.app */,
				5F4A052F1E5B184800C4FF1D /* Sample-TransitionsTests.xctest */,
			);
			name = Products;
			sourceTree = "<group>";
		};
		5F4A051D1E5B184800C4FF1D /* Sample-Transitions */ = {
			isa = PBXGroup;
			children = (
				5F4A053E1E5B188500C4FF1D /* Modules */,
				5F4A051E1E5B184800C4FF1D /* AppDelegate.swift */,
				5F4A05201E5B184800C4FF1D /* ViewController.swift */,
				5F96D3BD1E5B5AAD00F19AC0 /* ViewController2.swift */,
				5F4A05221E5B184800C4FF1D /* Main.storyboard */,
				5F4A05251E5B184800C4FF1D /* Assets.xcassets */,
				5F4A05271E5B184800C4FF1D /* LaunchScreen.storyboard */,
				5F4A052A1E5B184800C4FF1D /* Info.plist */,
			);
			path = "Sample-Transitions";
			sourceTree = "<group>";
		};
		5F4A05321E5B184900C4FF1D /* Sample-TransitionsTests */ = {
			isa = PBXGroup;
			children = (
				5F4A05331E5B184900C4FF1D /* Sample_TransitionsTests.swift */,
				5F4A05351E5B184900C4FF1D /* Info.plist */,
			);
			path = "Sample-TransitionsTests";
			sourceTree = "<group>";
		};
		5F4A053E1E5B188500C4FF1D /* Modules */ = {
			isa = PBXGroup;
			children = (
				5F4A05551E5B1B8800C4FF1D /* Transitions */,
			);
			path = Modules;
			sourceTree = "<group>";
		};
		5F4A05551E5B1B8800C4FF1D /* Transitions */ = {
			isa = PBXGroup;
			children = (
				5F4A05561E5B1B8800C4FF1D /* CustomTransitions.swift */,
				5F4A05571E5B1B8800C4FF1D /* GenericTransition.swift */,
				5F4A05581E5B1B8800C4FF1D /* Transition.swift */,
				5F4A05591E5B1B8800C4FF1D /* TransitionNavigationController.swift */,
				5F4A055A1E5B1B8800C4FF1D /* TransitionViewController.swift */,
				5F96D3BB1E5B540400F19AC0 /* TransitionTabBarController.swift */,
			);
			path = Transitions;
			sourceTree = "<group>";
		};
/* End PBXGroup section */

/* Begin PBXNativeTarget section */
		5F4A051A1E5B184800C4FF1D /* Sample-Transitions */ = {
			isa = PBXNativeTarget;
			buildConfigurationList = 5F4A05381E5B184900C4FF1D /* Build configuration list for PBXNativeTarget "Sample-Transitions" */;
			buildPhases = (
				5F4A05171E5B184800C4FF1D /* Sources */,
				5F4A05181E5B184800C4FF1D /* Frameworks */,
				5F4A05191E5B184800C4FF1D /* Resources */,
			);
			buildRules = (
			);
			dependencies = (
			);
			name = "Sample-Transitions";
			productName = "Sample-Transitions";
			productReference = 5F4A051B1E5B184800C4FF1D /* Sample-Transitions.app */;
			productType = "com.apple.product-type.application";
		};
		5F4A052E1E5B184800C4FF1D /* Sample-TransitionsTests */ = {
			isa = PBXNativeTarget;
			buildConfigurationList = 5F4A053B1E5B184900C4FF1D /* Build configuration list for PBXNativeTarget "Sample-TransitionsTests" */;
			buildPhases = (
				5F4A052B1E5B184800C4FF1D /* Sources */,
				5F4A052C1E5B184800C4FF1D /* Frameworks */,
				5F4A052D1E5B184800C4FF1D /* Resources */,
			);
			buildRules = (
			);
			dependencies = (
				5F4A05311E5B184800C4FF1D /* PBXTargetDependency */,
			);
			name = "Sample-TransitionsTests";
			productName = "Sample-TransitionsTests";
			productReference = 5F4A052F1E5B184800C4FF1D /* Sample-TransitionsTests.xctest */;
			productType = "com.apple.product-type.bundle.unit-test";
		};
/* End PBXNativeTarget section */

/* Begin PBXProject section */
		5F4A05131E5B184800C4FF1D /* Project object */ = {
			isa = PBXProject;
			attributes = {
				LastSwiftUpdateCheck = 0820;
				LastUpgradeCheck = 0820;
				ORGANIZATIONNAME = none;
				TargetAttributes = {
					5F4A051A1E5B184800C4FF1D = {
						CreatedOnToolsVersion = 8.2.1;
						ProvisioningStyle = Automatic;
					};
					5F4A052E1E5B184800C4FF1D = {
						CreatedOnToolsVersion = 8.2.1;
						ProvisioningStyle = Automatic;
						TestTargetID = 5F4A051A1E5B184800C4FF1D;
					};
				};
			};
			buildConfigurationList = 5F4A05161E5B184800C4FF1D /* Build configuration list for PBXProject "Sample-Transitions" */;
			compatibilityVersion = "Xcode 3.2";
			developmentRegion = English;
			hasScannedForEncodings = 0;
			knownRegions = (
				en,
				Base,
			);
			mainGroup = 5F4A05121E5B184800C4FF1D;
			productRefGroup = 5F4A051C1E5B184800C4FF1D /* Products */;
			projectDirPath = "";
			projectRoot = "";
			targets = (
				5F4A051A1E5B184800C4FF1D /* Sample-Transitions */,
				5F4A052E1E5B184800C4FF1D /* Sample-TransitionsTests */,
			);
		};
/* End PBXProject section */

/* Begin PBXResourcesBuildPhase section */
		5F4A05191E5B184800C4FF1D /* Resources */ = {
			isa = PBXResourcesBuildPhase;
			buildActionMask = 2147483647;
			files = (
				5F4A05291E5B184800C4FF1D /* LaunchScreen.storyboard in Resources */,
				5F4A05261E5B184800C4FF1D /* Assets.xcassets in Resources */,
				5F4A05241E5B184800C4FF1D /* Main.storyboard in Resources */,
			);
			runOnlyForDeploymentPostprocessing = 0;
		};
		5F4A052D1E5B184800C4FF1D /* Resources */ = {
			isa = PBXResourcesBuildPhase;
			buildActionMask = 2147483647;
			files = (
			);
			runOnlyForDeploymentPostprocessing = 0;
		};
/* End PBXResourcesBuildPhase section */

/* Begin PBXSourcesBuildPhase section */
		5F4A05171E5B184800C4FF1D /* Sources */ = {
			isa = PBXSourcesBuildPhase;
			buildActionMask = 2147483647;
			files = (
				5F4A055E1E5B1B8800C4FF1D /* TransitionNavigationController.swift in Sources */,
				5F4A055D1E5B1B8800C4FF1D /* Transition.swift in Sources */,
				5F96D3BE1E5B5AAD00F19AC0 /* ViewController2.swift in Sources */,
				5F4A055B1E5B1B8800C4FF1D /* CustomTransitions.swift in Sources */,
				5F4A05211E5B184800C4FF1D /* ViewController.swift in Sources */,
				5F96D3BC1E5B540400F19AC0 /* TransitionTabBarController.swift in Sources */,
				5F4A055C1E5B1B8800C4FF1D /* GenericTransition.swift in Sources */,
				5F4A055F1E5B1B8800C4FF1D /* TransitionViewController.swift in Sources */,
				5F4A051F1E5B184800C4FF1D /* AppDelegate.swift in Sources */,
			);
			runOnlyForDeploymentPostprocessing = 0;
		};
		5F4A052B1E5B184800C4FF1D /* Sources */ = {
			isa = PBXSourcesBuildPhase;
			buildActionMask = 2147483647;
			files = (
				5F4A05341E5B184900C4FF1D /* Sample_TransitionsTests.swift in Sources */,
			);
			runOnlyForDeploymentPostprocessing = 0;
		};
/* End PBXSourcesBuildPhase section */

/* Begin PBXTargetDependency section */
		5F4A05311E5B184800C4FF1D /* PBXTargetDependency */ = {
			isa = PBXTargetDependency;
			target = 5F4A051A1E5B184800C4FF1D /* Sample-Transitions */;
			targetProxy = 5F4A05301E5B184800C4FF1D /* PBXContainerItemProxy */;
		};
/* End PBXTargetDependency section */

/* Begin PBXVariantGroup section */
		5F4A05221E5B184800C4FF1D /* Main.storyboard */ = {
			isa = PBXVariantGroup;
			children = (
				5F4A05231E5B184800C4FF1D /* Base */,
			);
			name = Main.storyboard;
			sourceTree = "<group>";
		};
		5F4A05271E5B184800C4FF1D /* LaunchScreen.storyboard */ = {
			isa = PBXVariantGroup;
			children = (
				5F4A05281E5B184800C4FF1D /* Base */,
			);
			name = LaunchScreen.storyboard;
			sourceTree = "<group>";
		};
/* End PBXVariantGroup section */

/* Begin XCBuildConfiguration section */
		5F4A05361E5B184900C4FF1D /* Debug */ = {
			isa = XCBuildConfiguration;
			buildSettings = {
				ALWAYS_SEARCH_USER_PATHS = NO;
				CLANG_ANALYZER_NONNULL = YES;
				CLANG_CXX_LANGUAGE_STANDARD = "gnu++0x";
				CLANG_CXX_LIBRARY = "libc++";
				CLANG_ENABLE_MODULES = YES;
				CLANG_ENABLE_OBJC_ARC = YES;
				CLANG_WARN_BOOL_CONVERSION = YES;
				CLANG_WARN_CONSTANT_CONVERSION = YES;
				CLANG_WARN_DIRECT_OBJC_ISA_USAGE = YES_ERROR;
				CLANG_WARN_DOCUMENTATION_COMMENTS = YES;
				CLANG_WARN_EMPTY_BODY = YES;
				CLANG_WARN_ENUM_CONVERSION = YES;
				CLANG_WARN_INFINITE_RECURSION = YES;
				CLANG_WARN_INT_CONVERSION = YES;
				CLANG_WARN_OBJC_ROOT_CLASS = YES_ERROR;
				CLANG_WARN_SUSPICIOUS_MOVE = YES;
				CLANG_WARN_UNREACHABLE_CODE = YES;
				CLANG_WARN__DUPLICATE_METHOD_MATCH = YES;
				"CODE_SIGN_IDENTITY[sdk=iphoneos*]" = "iPhone Developer";
				COPY_PHASE_STRIP = NO;
				DEBUG_INFORMATION_FORMAT = dwarf;
				ENABLE_STRICT_OBJC_MSGSEND = YES;
				ENABLE_TESTABILITY = YES;
				GCC_C_LANGUAGE_STANDARD = gnu99;
				GCC_DYNAMIC_NO_PIC = NO;
				GCC_NO_COMMON_BLOCKS = YES;
				GCC_OPTIMIZATION_LEVEL = 0;
				GCC_PREPROCESSOR_DEFINITIONS = (
					"DEBUG=1",
					"$(inherited)",
				);
				GCC_WARN_64_TO_32_BIT_CONVERSION = YES;
				GCC_WARN_ABOUT_RETURN_TYPE = YES_ERROR;
				GCC_WARN_UNDECLARED_SELECTOR = YES;
				GCC_WARN_UNINITIALIZED_AUTOS = YES_AGGRESSIVE;
				GCC_WARN_UNUSED_FUNCTION = YES;
				GCC_WARN_UNUSED_VARIABLE = YES;
				IPHONEOS_DEPLOYMENT_TARGET = 10.2;
				MTL_ENABLE_DEBUG_INFO = YES;
				ONLY_ACTIVE_ARCH = YES;
				SDKROOT = iphoneos;
				SWIFT_ACTIVE_COMPILATION_CONDITIONS = DEBUG;
				SWIFT_OPTIMIZATION_LEVEL = "-Onone";
				TARGETED_DEVICE_FAMILY = "1,2";
			};
			name = Debug;
		};
		5F4A05371E5B184900C4FF1D /* Release */ = {
			isa = XCBuildConfiguration;
			buildSettings = {
				ALWAYS_SEARCH_USER_PATHS = NO;
				CLANG_ANALYZER_NONNULL = YES;
				CLANG_CXX_LANGUAGE_STANDARD = "gnu++0x";
				CLANG_CXX_LIBRARY = "libc++";
				CLANG_ENABLE_MODULES = YES;
				CLANG_ENABLE_OBJC_ARC = YES;
				CLANG_WARN_BOOL_CONVERSION = YES;
				CLANG_WARN_CONSTANT_CONVERSION = YES;
				CLANG_WARN_DIRECT_OBJC_ISA_USAGE = YES_ERROR;
				CLANG_WARN_DOCUMENTATION_COMMENTS = YES;
				CLANG_WARN_EMPTY_BODY = YES;
				CLANG_WARN_ENUM_CONVERSION = YES;
				CLANG_WARN_INFINITE_RECURSION = YES;
				CLANG_WARN_INT_CONVERSION = YES;
				CLANG_WARN_OBJC_ROOT_CLASS = YES_ERROR;
				CLANG_WARN_SUSPICIOUS_MOVE = YES;
				CLANG_WARN_UNREACHABLE_CODE = YES;
				CLANG_WARN__DUPLICATE_METHOD_MATCH = YES;
				"CODE_SIGN_IDENTITY[sdk=iphoneos*]" = "iPhone Developer";
				COPY_PHASE_STRIP = NO;
				DEBUG_INFORMATION_FORMAT = "dwarf-with-dsym";
				ENABLE_NS_ASSERTIONS = NO;
				ENABLE_STRICT_OBJC_MSGSEND = YES;
				GCC_C_LANGUAGE_STANDARD = gnu99;
				GCC_NO_COMMON_BLOCKS = YES;
				GCC_WARN_64_TO_32_BIT_CONVERSION = YES;
				GCC_WARN_ABOUT_RETURN_TYPE = YES_ERROR;
				GCC_WARN_UNDECLARED_SELECTOR = YES;
				GCC_WARN_UNINITIALIZED_AUTOS = YES_AGGRESSIVE;
				GCC_WARN_UNUSED_FUNCTION = YES;
				GCC_WARN_UNUSED_VARIABLE = YES;
				IPHONEOS_DEPLOYMENT_TARGET = 10.2;
				MTL_ENABLE_DEBUG_INFO = NO;
				SDKROOT = iphoneos;
				SWIFT_OPTIMIZATION_LEVEL = "-Owholemodule";
				TARGETED_DEVICE_FAMILY = "1,2";
				VALIDATE_PRODUCT = YES;
			};
			name = Release;
		};
		5F4A05391E5B184900C4FF1D /* Debug */ = {
			isa = XCBuildConfiguration;
			buildSettings = {
				ASSETCATALOG_COMPILER_APPICON_NAME = AppIcon;
				INFOPLIST_FILE = "Sample-Transitions/Info.plist";
				LD_RUNPATH_SEARCH_PATHS = "$(inherited) @executable_path/Frameworks";
				PRODUCT_BUNDLE_IDENTIFIER = "com.none.Sample-Transitions";
				PRODUCT_NAME = "$(TARGET_NAME)";
				SWIFT_VERSION = 3.0;
			};
			name = Debug;
		};
		5F4A053A1E5B184900C4FF1D /* Release */ = {
			isa = XCBuildConfiguration;
			buildSettings = {
				ASSETCATALOG_COMPILER_APPICON_NAME = AppIcon;
				INFOPLIST_FILE = "Sample-Transitions/Info.plist";
				LD_RUNPATH_SEARCH_PATHS = "$(inherited) @executable_path/Frameworks";
				PRODUCT_BUNDLE_IDENTIFIER = "com.none.Sample-Transitions";
				PRODUCT_NAME = "$(TARGET_NAME)";
				SWIFT_VERSION = 3.0;
			};
			name = Release;
		};
		5F4A053C1E5B184900C4FF1D /* Debug */ = {
			isa = XCBuildConfiguration;
			buildSettings = {
				ALWAYS_EMBED_SWIFT_STANDARD_LIBRARIES = YES;
				BUNDLE_LOADER = "$(TEST_HOST)";
				INFOPLIST_FILE = "Sample-TransitionsTests/Info.plist";
				LD_RUNPATH_SEARCH_PATHS = "$(inherited) @executable_path/Frameworks @loader_path/Frameworks";
				PRODUCT_BUNDLE_IDENTIFIER = "com.none.Sample-TransitionsTests";
				PRODUCT_NAME = "$(TARGET_NAME)";
				SWIFT_VERSION = 3.0;
				TEST_HOST = "$(BUILT_PRODUCTS_DIR)/Sample-Transitions.app/Sample-Transitions";
			};
			name = Debug;
		};
		5F4A053D1E5B184900C4FF1D /* Release */ = {
			isa = XCBuildConfiguration;
			buildSettings = {
				ALWAYS_EMBED_SWIFT_STANDARD_LIBRARIES = YES;
				BUNDLE_LOADER = "$(TEST_HOST)";
				INFOPLIST_FILE = "Sample-TransitionsTests/Info.plist";
				LD_RUNPATH_SEARCH_PATHS = "$(inherited) @executable_path/Frameworks @loader_path/Frameworks";
				PRODUCT_BUNDLE_IDENTIFIER = "com.none.Sample-TransitionsTests";
				PRODUCT_NAME = "$(TARGET_NAME)";
				SWIFT_VERSION = 3.0;
				TEST_HOST = "$(BUILT_PRODUCTS_DIR)/Sample-Transitions.app/Sample-Transitions";
			};
			name = Release;
		};
/* End XCBuildConfiguration section */

/* Begin XCConfigurationList section */
		5F4A05161E5B184800C4FF1D /* Build configuration list for PBXProject "Sample-Transitions" */ = {
			isa = XCConfigurationList;
			buildConfigurations = (
				5F4A05361E5B184900C4FF1D /* Debug */,
				5F4A05371E5B184900C4FF1D /* Release */,
			);
			defaultConfigurationIsVisible = 0;
			defaultConfigurationName = Release;
		};
		5F4A05381E5B184900C4FF1D /* Build configuration list for PBXNativeTarget "Sample-Transitions" */ = {
			isa = XCConfigurationList;
			buildConfigurations = (
				5F4A05391E5B184900C4FF1D /* Debug */,
				5F4A053A1E5B184900C4FF1D /* Release */,
			);
			defaultConfigurationIsVisible = 0;
			defaultConfigurationName = Release;
		};
		5F4A053B1E5B184900C4FF1D /* Build configuration list for PBXNativeTarget "Sample-TransitionsTests" */ = {
			isa = XCConfigurationList;
			buildConfigurations = (
				5F4A053C1E5B184900C4FF1D /* Debug */,
				5F4A053D1E5B184900C4FF1D /* Release */,
			);
			defaultConfigurationIsVisible = 0;
			defaultConfigurationName = Release;
		};
/* End XCConfigurationList section */
	};
	rootObject = 5F4A05131E5B184800C4FF1D /* Project object */;
}
